
Microsoft Visual Studio Solution File, Format Version 12.00
# Visual Studio Version 16
VisualStudioVersion = 16.0.30523.141
MinimumVisualStudioVersion = 10.0.40219.1
Project("{8BC9CEB8-8B4A-11D0-8D11-00A0C91BC942}") = "BookManager07", "BookManager07.vcxproj", "{B4BAA157-49D3-448D-ABF7-BD9360D452CB}"
EndProject
Global
	GlobalSection(SolutionConfigurationPlatforms) = preSolution
		Debug|x64 = Debug|x64
		Debug|x86 = Debug|x86
		Release|x64 = Release|x64
		Release|x86 = Release|x86
	EndGlobalSection
	GlobalSection(ProjectConfigurationPlatforms) = postSolution
		{B4BAA157-49D3-448D-ABF7-BD9360D452CB}.Debug|x64.ActiveCfg = Debug|x64
		{B4BAA157-49D3-448D-ABF7-BD9360D452CB}.Debug|x64.Build.0 = Debug|x64
		{B4BAA157-49D3-448D-ABF7-BD9360D452CB}.Debug|x86.ActiveCfg = Debug|Win32
		{B4BAA157-49D3-448D-ABF7-BD9360D452CB}.Debug|x86.Build.0 = Debug|Win32
		{B4BAA157-49D3-448D-ABF7-BD9360D452CB}.Release|x64.ActiveCfg = Release|x64
		{B4BAA157-49D3-448D-ABF7-BD9360D452CB}.Release|x64.Build.0 = Release|x64
		{B4BAA157-49D3-448D-ABF7-BD9360D452CB}.Release|x86.ActiveCfg = Release|Win32
		{B4BAA157-49D3-448D-ABF7-BD9360D452CB}.Release|x86.Build.0 = Release|Win32
	EndGlobalSection
	GlobalSection(SolutionProperties) = preSolution
		HideSolutionNode = FALSE
	EndGlobalSection
	GlobalSection(ExtensibilityGlobals) = postSolution
		SolutionGuid = {36412FE1-FC9A-484B-8278-FE9C4DD30361}
	EndGlobalSection
EndGlobal
